# THIS IS AN AUTOGENERATED FILE. DO NOT EDIT THIS FILE DIRECTLY.
# yarn lockfile v1


three@0.95.0:
  version "0.95.0"
  resolved "https://registry.yarnpkg.com/three/-/three-0.95.0.tgz#b60ea076ba17df9faba9e855b86ab3f541289abf"

typescript@3.0.1:
  version "3.0.1"
  resolved "https://registry.yarnpkg.com/typescript/-/typescript-3.0.1.tgz#43738f29585d3a87575520a4b93ab6026ef11fdb"
